
Microsoft Visual Studio Solution File, Format Version 12.00
# Visual Studio 14
VisualStudioVersion = 14.0.25420.1
MinimumVisualStudioVersion = 10.0.40219.1
Project("{FAE04EC0-301F-11D3-BF4B-00C04F79EFBC}") = "MasterMind", "MasterMind\MasterMind.csproj", "{2A463456-FDB2-456C-A76D-49745F4A61F3}"
EndProject
Project("{FAE04EC0-301F-11D3-BF4B-00C04F79EFBC}") = "MasterMindTesting", "MasterMindTesting\MasterMindTesting.csproj", "{FC814A74-92F5-479B-B415-4F03FC1CCFE2}"
EndProject
Global
	GlobalSection(SolutionConfigurationPlatforms) = preSolution
		Debug|Any CPU = Debug|Any CPU
		Release|Any CPU = Release|Any CPU
	EndGlobalSection
	GlobalSection(ProjectConfigurationPlatforms) = postSolution
		{2A463456-FDB2-456C-A76D-49745F4A61F3}.Debug|Any CPU.ActiveCfg = Debug|Any CPU
		{2A463456-FDB2-456C-A76D-49745F4A61F3}.Debug|Any CPU.Build.0 = Debug|Any CPU
		{2A463456-FDB2-456C-A76D-49745F4A61F3}.Release|Any CPU.ActiveCfg = Release|Any CPU
		{2A463456-FDB2-456C-A76D-49745F4A61F3}.Release|Any CPU.Build.0 = Release|Any CPU
		{FC814A74-92F5-479B-B415-4F03FC1CCFE2}.Debug|Any CPU.ActiveCfg = Debug|Any CPU
		{FC814A74-92F5-479B-B415-4F03FC1CCFE2}.Debug|Any CPU.Build.0 = Debug|Any CPU
		{FC814A74-92F5-479B-B415-4F03FC1CCFE2}.Release|Any CPU.ActiveCfg = Release|Any CPU
		{FC814A74-92F5-479B-B415-4F03FC1CCFE2}.Release|Any CPU.Build.0 = Release|Any CPU
	EndGlobalSection
	GlobalSection(SolutionProperties) = preSolution
		HideSolutionNode = FALSE
	EndGlobalSection
EndGlobal
